Microsoft Visual Studio Solution File, Format Version 12.00
# Visual Studio 15
VisualStudioVersion = 15.0.26403.7
MinimumVisualStudioVersion = 15.0.26124.0
Project("{2150E333-8FDC-42A3-9474-1A3956D46DE8}") = "src", "src", "{A1F96380-2DC6-47CD-856C-A38DE022B12C}"
	ProjectSection(SolutionItems) = preProject
		src\Common.props = src\Common.props
	EndProjectSection
EndProject
Project("{9A19103F-16F7-4668-BE54-9A1E7A4F7556}") = "AKDK", "src\AKDK\AKDK.csproj", "{23AED78A-9776-477E-93BD-86F6F228C194}"
EndProject
Project("{2150E333-8FDC-42A3-9474-1A3956D46DE8}") = "test", "test", "{086AD980-4E6E-4A39-B1EE-5105C9BC2D3F}"
EndProject
Project("{9A19103F-16F7-4668-BE54-9A1E7A4F7556}") = "AKDK.Tests", "test\AKDK.Tests\AKDK.Tests.csproj", "{569D3624-D5C6-493B-B279-1DA3200EA090}"
EndProject
Project("{2150E333-8FDC-42A3-9474-1A3956D46DE8}") = "Solution Items", "Solution Items", "{202625F1-B80E-4F83-AC8C-99FBD4A93DD3}"
	ProjectSection(SolutionItems) = preProject
		.editorconfig = .editorconfig
	EndProjectSection
EndProject
Project("{FAE04EC0-301F-11D3-BF4B-00C04F79EFBC}") = "AKDK.TestHarness", "test\AKDK.TestHarness\AKDK.TestHarness.csproj", "{8756D044-2431-4C78-B1AF-E4AB82F45DF7}"
EndProject
Global
	GlobalSection(SolutionConfigurationPlatforms) = preSolution
		Debug|Any CPU = Debug|Any CPU
		Debug|x64 = Debug|x64
		Debug|x86 = Debug|x86
		Release|Any CPU = Release|Any CPU
		Release|x64 = Release|x64
		Release|x86 = Release|x86
	EndGlobalSection
	GlobalSection(ProjectConfigurationPlatforms) = postSolution
		{23AED78A-9776-477E-93BD-86F6F228C194}.Debug|Any CPU.ActiveCfg = Debug|Any CPU
		{23AED78A-9776-477E-93BD-86F6F228C194}.Debug|Any CPU.Build.0 = Debug|Any CPU
		{23AED78A-9776-477E-93BD-86F6F228C194}.Debug|x64.ActiveCfg = Debug|Any CPU
		{23AED78A-9776-477E-93BD-86F6F228C194}.Debug|x64.Build.0 = Debug|Any CPU
		{23AED78A-9776-477E-93BD-86F6F228C194}.Debug|x86.ActiveCfg = Debug|Any CPU
		{23AED78A-9776-477E-93BD-86F6F228C194}.Debug|x86.Build.0 = Debug|Any CPU
		{23AED78A-9776-477E-93BD-86F6F228C194}.Release|Any CPU.ActiveCfg = Release|Any CPU
		{23AED78A-9776-477E-93BD-86F6F228C194}.Release|Any CPU.Build.0 = Release|Any CPU
		{23AED78A-9776-477E-93BD-86F6F228C194}.Release|x64.ActiveCfg = Release|Any CPU
		{23AED78A-9776-477E-93BD-86F6F228C194}.Release|x64.Build.0 = Release|Any CPU
		{23AED78A-9776-477E-93BD-86F6F228C194}.Release|x86.ActiveCfg = Release|Any CPU
		{23AED78A-9776-477E-93BD-86F6F228C194}.Release|x86.Build.0 = Release|Any CPU
		{569D3624-D5C6-493B-B279-1DA3200EA090}.Debug|Any CPU.ActiveCfg = Debug|Any CPU
		{569D3624-D5C6-493B-B279-1DA3200EA090}.Debug|Any CPU.Build.0 = Debug|Any CPU
		{569D3624-D5C6-493B-B279-1DA3200EA090}.Debug|x64.ActiveCfg = Debug|Any CPU
		{569D3624-D5C6-493B-B279-1DA3200EA090}.Debug|x64.Build.0 = Debug|Any CPU
		{569D3624-D5C6-493B-B279-1DA3200EA090}.Debug|x86.ActiveCfg = Debug|Any CPU
		{569D3624-D5C6-493B-B279-1DA3200EA090}.Debug|x86.Build.0 = Debug|Any CPU
		{569D3624-D5C6-493B-B279-1DA3200EA090}.Release|Any CPU.ActiveCfg = Release|Any CPU
		{569D3624-D5C6-493B-B279-1DA3200EA090}.Release|Any CPU.Build.0 = Release|Any CPU
		{569D3624-D5C6-493B-B279-1DA3200EA090}.Release|x64.ActiveCfg = Release|Any CPU
		{569D3624-D5C6-493B-B279-1DA3200EA090}.Release|x64.Build.0 = Release|Any CPU
		{569D3624-D5C6-493B-B279-1DA3200EA090}.Release|x86.ActiveCfg = Release|Any CPU
		{569D3624-D5C6-493B-B279-1DA3200EA090}.Release|x86.Build.0 = Release|Any CPU
		{8756D044-2431-4C78-B1AF-E4AB82F45DF7}.Debug|Any CPU.ActiveCfg = Debug|Any CPU
		{8756D044-2431-4C78-B1AF-E4AB82F45DF7}.Debug|Any CPU.Build.0 = Debug|Any CPU
		{8756D044-2431-4C78-B1AF-E4AB82F45DF7}.Debug|x64.ActiveCfg = Debug|Any CPU
		{8756D044-2431-4C78-B1AF-E4AB82F45DF7}.Debug|x64.Build.0 = Debug|Any CPU
		{8756D044-2431-4C78-B1AF-E4AB82F45DF7}.Debug|x86.ActiveCfg = Debug|Any CPU
		{8756D044-2431-4C78-B1AF-E4AB82F45DF7}.Debug|x86.Build.0 = Debug|Any CPU
		{8756D044-2431-4C78-B1AF-E4AB82F45DF7}.Release|Any CPU.ActiveCfg = Release|Any CPU
		{8756D044-2431-4C78-B1AF-E4AB82F45DF7}.Release|Any CPU.Build.0 = Release|Any CPU
		{8756D044-2431-4C78-B1AF-E4AB82F45DF7}.Release|x64.ActiveCfg = Release|Any CPU
		{8756D044-2431-4C78-B1AF-E4AB82F45DF7}.Release|x64.Build.0 = Release|Any CPU
		{8756D044-2431-4C78-B1AF-E4AB82F45DF7}.Release|x86.ActiveCfg = Release|Any CPU
		{8756D044-2431-4C78-B1AF-E4AB82F45DF7}.Release|x86.Build.0 = Release|Any CPU
	EndGlobalSection
	GlobalSection(SolutionProperties) = preSolution
		HideSolutionNode = FALSE
	EndGlobalSection
	GlobalSection(NestedProjects) = preSolution
		{23AED78A-9776-477E-93BD-86F6F228C194} = {A1F96380-2DC6-47CD-856C-A38DE022B12C}
		{569D3624-D5C6-493B-B279-1DA3200EA090} = {086AD980-4E6E-4A39-B1EE-5105C9BC2D3F}
		{8756D044-2431-4C78-B1AF-E4AB82F45DF7} = {086AD980-4E6E-4A39-B1EE-5105C9BC2D3F}
	EndGlobalSection
EndGlobal
